
Microsoft Visual Studio Solution File, Format Version 12.00
# Visual Studio Version 17
VisualStudioVersion = 17.9.34728.123
MinimumVisualStudioVersion = 10.0.40219.1
Project("{8BC9CEB8-8B4A-11D0-8D11-00A0C91BC942}") = "QGifViewer", "QGifViewer\QGifViewer.vcxproj", "{C9E9EE31-3683-4B73-9EC3-AF7556C52689}"
EndProject
Global
	GlobalSection(SolutionConfigurationPlatforms) = preSolution
		Debug|x64 = Debug|x64
		Release|x64 = Release|x64
	EndGlobalSection
	GlobalSection(ProjectConfigurationPlatforms) = postSolution
		{C9E9EE31-3683-4B73-9EC3-AF7556C52689}.Debug|x64.ActiveCfg = Debug|x64
		{C9E9EE31-3683-4B73-9EC3-AF7556C52689}.Debug|x64.Build.0 = Debug|x64
		{C9E9EE31-3683-4B73-9EC3-AF7556C52689}.Release|x64.ActiveCfg = Release|x64
		{C9E9EE31-3683-4B73-9EC3-AF7556C52689}.Release|x64.Build.0 = Release|x64
	EndGlobalSection
	GlobalSection(SolutionProperties) = preSolution
		HideSolutionNode = FALSE
	EndGlobalSection
	GlobalSection(ExtensibilityGlobals) = postSolution
		SolutionGuid = {CA08433D-91CE-436D-A019-A5928311265E}
	EndGlobalSection
EndGlobal
